
Microsoft Visual Studio Solution File, Format Version 12.00
# Visual Studio 16
Project("{FAE04EC0-301F-11D3-BF4B-00C04F79EFBC}") = "Assembly-CSharp", "Assembly-CSharp.csproj", "{34EC7A0D-1886-2BBD-8F7F-EC9667A4C699}"
EndProject
Project("{FAE04EC0-301F-11D3-BF4B-00C04F79EFBC}") = "Assembly-CSharp-firstpass", "Assembly-CSharp-firstpass.csproj", "{49129556-0B9C-D142-AC11-CFE818F03C5A}"
EndProject
Global
	GlobalSection(SolutionConfigurationPlatforms) = preSolution
		Debug|Any CPU = Debug|Any CPU
		Release|Any CPU = Release|Any CPU
	EndGlobalSection
	GlobalSection(ProjectConfigurationPlatforms) = postSolution
		{34EC7A0D-1886-2BBD-8F7F-EC9667A4C699}.Debug|Any CPU.ActiveCfg = Debug|Any CPU
		{34EC7A0D-1886-2BBD-8F7F-EC9667A4C699}.Debug|Any CPU.Build.0 = Debug|Any CPU
		{34EC7A0D-1886-2BBD-8F7F-EC9667A4C699}.Release|Any CPU.ActiveCfg = Release|Any CPU
		{34EC7A0D-1886-2BBD-8F7F-EC9667A4C699}.Release|Any CPU.Build.0 = Release|Any CPU
		{49129556-0B9C-D142-AC11-CFE818F03C5A}.Debug|Any CPU.ActiveCfg = Debug|Any CPU
		{49129556-0B9C-D142-AC11-CFE818F03C5A}.Debug|Any CPU.Build.0 = Debug|Any CPU
		{49129556-0B9C-D142-AC11-CFE818F03C5A}.Release|Any CPU.ActiveCfg = Release|Any CPU
		{49129556-0B9C-D142-AC11-CFE818F03C5A}.Release|Any CPU.Build.0 = Release|Any CPU
	EndGlobalSection
	GlobalSection(SolutionProperties) = preSolution
		HideSolutionNode = FALSE
	EndGlobalSection
	GlobalSection(MonoDevelopProperties) = preSolution
		StartupItem = Assembly-CSharp.csproj
	EndGlobalSection
EndGlobal
